// !$*UTF8*$!
{
	archiveVersion = 1;
	classes = {
	};
	objectVersion = 56;
	objects = {

/* Begin PBXBuildFile section */
		B18620522956165800A6FDD9 /* sample_database_migrationApp.swift in Sources */ = {isa = PBXBuildFile; fileRef = B18620512956165800A6FDD9 /* sample_database_migrationApp.swift */; };
		B18620542956165800A6FDD9 /* ContentView.swift in Sources */ = {isa = PBXBuildFile; fileRef = B18620532956165800A6FDD9 /* ContentView.swift */; };
		B18620562956165900A6FDD9 /* Assets.xcassets in Resources */ = {isa = PBXBuildFile; fileRef = B18620552956165900A6FDD9 /* Assets.xcassets */; };
		B18620592956165900A6FDD9 /* Preview Assets.xcassets in Resources */ = {isa = PBXBuildFile; fileRef = B18620582956165900A6FDD9 /* Preview Assets.xcassets */; };
		B18620632956165900A6FDD9 /* sample_database_migrationTests.swift in Sources */ = {isa = PBXBuildFile; fileRef = B18620622956165900A6FDD9 /* sample_database_migrationTests.swift */; };
		B186206D2956165900A6FDD9 /* sample_database_migrationUITests.swift in Sources */ = {isa = PBXBuildFile; fileRef = B186206C2956165900A6FDD9 /* sample_database_migrationUITests.swift */; };
		B186206F2956165900A6FDD9 /* sample_database_migrationUITestsLaunchTests.swift in Sources */ = {isa = PBXBuildFile; fileRef = B186206E2956165900A6FDD9 /* sample_database_migrationUITestsLaunchTests.swift */; };
		B186207C2956185100A6FDD9 /* URLSession+Extension.swift in Sources */ = {isa = PBXBuildFile; fileRef = B186207B2956185100A6FDD9 /* URLSession+Extension.swift */; };
		B186207F295618E400A6FDD9 /* CharacterListService.swift in Sources */ = {isa = PBXBuildFile; fileRef = B186207E295618E400A6FDD9 /* CharacterListService.swift */; };
		B18620832956199F00A6FDD9 /* CharacterDTO.swift in Sources */ = {isa = PBXBuildFile; fileRef = B18620822956199F00A6FDD9 /* CharacterDTO.swift */; };
		B186208729561E7200A6FDD9 /* Constants.swift in Sources */ = {isa = PBXBuildFile; fileRef = B186208629561E7200A6FDD9 /* Constants.swift */; };
		B186208B2956247C00A6FDD9 /* CharacterListView.swift in Sources */ = {isa = PBXBuildFile; fileRef = B186208A2956247C00A6FDD9 /* CharacterListView.swift */; };
		B186208D295624A200A6FDD9 /* CharacterListViewModel.swift in Sources */ = {isa = PBXBuildFile; fileRef = B186208C295624A200A6FDD9 /* CharacterListViewModel.swift */; };
		B1862090295632BE00A6FDD9 /* CharacterTable.swift in Sources */ = {isa = PBXBuildFile; fileRef = B186208F295632BE00A6FDD9 /* CharacterTable.swift */; };
		B18620922956332700A6FDD9 /* DataStore.swift in Sources */ = {isa = PBXBuildFile; fileRef = B18620912956332700A6FDD9 /* DataStore.swift */; };
		B186209529563AFD00A6FDD9 /* SQLite in Frameworks */ = {isa = PBXBuildFile; productRef = B186209429563AFD00A6FDD9 /* SQLite */; };
/* End PBXBuildFile section */

/* Begin PBXContainerItemProxy section */
		B186205F2956165900A6FDD9 /* PBXContainerItemProxy */ = {
			isa = PBXContainerItemProxy;
			containerPortal = B18620462956165800A6FDD9 /* Project object */;
			proxyType = 1;
			remoteGlobalIDString = B186204D2956165800A6FDD9;
			remoteInfo = "sample-database-migration";
		};
		B18620692956165900A6FDD9 /* PBXContainerItemProxy */ = {
			isa = PBXContainerItemProxy;
			containerPortal = B18620462956165800A6FDD9 /* Project object */;
			proxyType = 1;
			remoteGlobalIDString = B186204D2956165800A6FDD9;
			remoteInfo = "sample-database-migration";
		};
/* End PBXContainerItemProxy section */

/* Begin PBXFileReference section */
		B186204E2956165800A6FDD9 /* sample-database-migration.app */ = {isa = PBXFileReference; explicitFileType = wrapper.application; includeInIndex = 0; path = "sample-database-migration.app"; sourceTree = BUILT_PRODUCTS_DIR; };
		B18620512956165800A6FDD9 /* sample_database_migrationApp.swift */ = {isa = PBXFileReference; lastKnownFileType = sourcecode.swift; path = sample_database_migrationApp.swift; sourceTree = "<group>"; };
		B18620532956165800A6FDD9 /* ContentView.swift */ = {isa = PBXFileReference; lastKnownFileType = sourcecode.swift; path = ContentView.swift; sourceTree = "<group>"; };
		B18620552956165900A6FDD9 /* Assets.xcassets */ = {isa = PBXFileReference; lastKnownFileType = folder.assetcatalog; path = Assets.xcassets; sourceTree = "<group>"; };
		B18620582956165900A6FDD9 /* Preview Assets.xcassets */ = {isa = PBXFileReference; lastKnownFileType = folder.assetcatalog; path = "Preview Assets.xcassets"; sourceTree = "<group>"; };
		B186205E2956165900A6FDD9 /* sample-database-migrationTests.xctest */ = {isa = PBXFileReference; explicitFileType = wrapper.cfbundle; includeInIndex = 0; path = "sample-database-migrationTests.xctest"; sourceTree = BUILT_PRODUCTS_DIR; };
		B18620622956165900A6FDD9 /* sample_database_migrationTests.swift */ = {isa = PBXFileReference; lastKnownFileType = sourcecode.swift; path = sample_database_migrationTests.swift; sourceTree = "<group>"; };
		B18620682956165900A6FDD9 /* sample-database-migrationUITests.xctest */ = {isa = PBXFileReference; explicitFileType = wrapper.cfbundle; includeInIndex = 0; path = "sample-database-migrationUITests.xctest"; sourceTree = BUILT_PRODUCTS_DIR; };
		B186206C2956165900A6FDD9 /* sample_database_migrationUITests.swift */ = {isa = PBXFileReference; lastKnownFileType = sourcecode.swift; path = sample_database_migrationUITests.swift; sourceTree = "<group>"; };
		B186206E2956165900A6FDD9 /* sample_database_migrationUITestsLaunchTests.swift */ = {isa = PBXFileReference; lastKnownFileType = sourcecode.swift; path = sample_database_migrationUITestsLaunchTests.swift; sourceTree = "<group>"; };
		B186207B2956185100A6FDD9 /* URLSession+Extension.swift */ = {isa = PBXFileReference; lastKnownFileType = sourcecode.swift; path = "URLSession+Extension.swift"; sourceTree = "<group>"; };
		B186207E295618E400A6FDD9 /* CharacterListService.swift */ = {isa = PBXFileReference; lastKnownFileType = sourcecode.swift; path = CharacterListService.swift; sourceTree = "<group>"; };
		B18620822956199F00A6FDD9 /* CharacterDTO.swift */ = {isa = PBXFileReference; lastKnownFileType = sourcecode.swift; path = CharacterDTO.swift; sourceTree = "<group>"; };
		B186208629561E7200A6FDD9 /* Constants.swift */ = {isa = PBXFileReference; lastKnownFileType = sourcecode.swift; path = Constants.swift; sourceTree = "<group>"; };
		B186208A2956247C00A6FDD9 /* CharacterListView.swift */ = {isa = PBXFileReference; lastKnownFileType = sourcecode.swift; path = CharacterListView.swift; sourceTree = "<group>"; };
		B186208C295624A200A6FDD9 /* CharacterListViewModel.swift */ = {isa = PBXFileReference; lastKnownFileType = sourcecode.swift; path = CharacterListViewModel.swift; sourceTree = "<group>"; };
		B186208F295632BE00A6FDD9 /* CharacterTable.swift */ = {isa = PBXFileReference; lastKnownFileType = sourcecode.swift; path = CharacterTable.swift; sourceTree = "<group>"; };
		B18620912956332700A6FDD9 /* DataStore.swift */ = {isa = PBXFileReference; lastKnownFileType = sourcecode.swift; path = DataStore.swift; sourceTree = "<group>"; };
/* End PBXFileReference section */

/* Begin PBXFrameworksBuildPhase section */
		B186204B2956165800A6FDD9 /* Frameworks */ = {
			isa = PBXFrameworksBuildPhase;
			buildActionMask = 2147483647;
			files = (
				B186209529563AFD00A6FDD9 /* SQLite in Frameworks */,
			);
			runOnlyForDeploymentPostprocessing = 0;
		};
		B186205B2956165900A6FDD9 /* Frameworks */ = {
			isa = PBXFrameworksBuildPhase;
			buildActionMask = 2147483647;
			files = (
			);
			runOnlyForDeploymentPostprocessing = 0;
		};
		B18620652956165900A6FDD9 /* Frameworks */ = {
			isa = PBXFrameworksBuildPhase;
			buildActionMask = 2147483647;
			files = (
			);
			runOnlyForDeploymentPostprocessing = 0;
		};
/* End PBXFrameworksBuildPhase section */

/* Begin PBXGroup section */
		B18620452956165800A6FDD9 = {
			isa = PBXGroup;
			children = (
				B18620502956165800A6FDD9 /* sample-database-migration */,
				B18620612956165900A6FDD9 /* sample-database-migrationTests */,
				B186206B2956165900A6FDD9 /* sample-database-migrationUITests */,
				B186204F2956165800A6FDD9 /* Products */,
			);
			sourceTree = "<group>";
		};
		B186204F2956165800A6FDD9 /* Products */ = {
			isa = PBXGroup;
			children = (
				B186204E2956165800A6FDD9 /* sample-database-migration.app */,
				B186205E2956165900A6FDD9 /* sample-database-migrationTests.xctest */,
				B18620682956165900A6FDD9 /* sample-database-migrationUITests.xctest */,
			);
			name = Products;
			sourceTree = "<group>";
		};
		B18620502956165800A6FDD9 /* sample-database-migration */ = {
			isa = PBXGroup;
			children = (
				B186208E2956326400A6FDD9 /* DataBase */,
				B1862080295618EA00A6FDD9 /* Services */,
				B186207D295618B100A6FDD9 /* Extensions */,
				B18620812956197D00A6FDD9 /* Models */,
				B186208529561E6400A6FDD9 /* Utilities */,
				B18620882956246000A6FDD9 /* Modules */,
				B18620572956165900A6FDD9 /* Preview Content */,
				B18620512956165800A6FDD9 /* sample_database_migrationApp.swift */,
				B18620532956165800A6FDD9 /* ContentView.swift */,
				B18620552956165900A6FDD9 /* Assets.xcassets */,
			);
			path = "sample-database-migration";
			sourceTree = "<group>";
		};
		B18620572956165900A6FDD9 /* Preview Content */ = {
			isa = PBXGroup;
			children = (
				B18620582956165900A6FDD9 /* Preview Assets.xcassets */,
			);
			path = "Preview Content";
			sourceTree = "<group>";
		};
		B18620612956165900A6FDD9 /* sample-database-migrationTests */ = {
			isa = PBXGroup;
			children = (
				B18620622956165900A6FDD9 /* sample_database_migrationTests.swift */,
			);
			path = "sample-database-migrationTests";
			sourceTree = "<group>";
		};
		B186206B2956165900A6FDD9 /* sample-database-migrationUITests */ = {
			isa = PBXGroup;
			children = (
				B186206C2956165900A6FDD9 /* sample_database_migrationUITests.swift */,
				B186206E2956165900A6FDD9 /* sample_database_migrationUITestsLaunchTests.swift */,
			);
			path = "sample-database-migrationUITests";
			sourceTree = "<group>";
		};
		B186207D295618B100A6FDD9 /* Extensions */ = {
			isa = PBXGroup;
			children = (
				B186207B2956185100A6FDD9 /* URLSession+Extension.swift */,
			);
			path = Extensions;
			sourceTree = "<group>";
		};
		B1862080295618EA00A6FDD9 /* Services */ = {
			isa = PBXGroup;
			children = (
				B186207E295618E400A6FDD9 /* CharacterListService.swift */,
			);
			path = Services;
			sourceTree = "<group>";
		};
		B18620812956197D00A6FDD9 /* Models */ = {
			isa = PBXGroup;
			children = (
				B18620822956199F00A6FDD9 /* CharacterDTO.swift */,
			);
			path = Models;
			sourceTree = "<group>";
		};
		B186208529561E6400A6FDD9 /* Utilities */ = {
			isa = PBXGroup;
			children = (
				B186208629561E7200A6FDD9 /* Constants.swift */,
			);
			path = Utilities;
			sourceTree = "<group>";
		};
		B18620882956246000A6FDD9 /* Modules */ = {
			isa = PBXGroup;
			children = (
				B18620892956246800A6FDD9 /* CharacterList */,
			);
			path = Modules;
			sourceTree = "<group>";
		};
		B18620892956246800A6FDD9 /* CharacterList */ = {
			isa = PBXGroup;
			children = (
				B186208A2956247C00A6FDD9 /* CharacterListView.swift */,
				B186208C295624A200A6FDD9 /* CharacterListViewModel.swift */,
			);
			path = CharacterList;
			sourceTree = "<group>";
		};
		B186208E2956326400A6FDD9 /* DataBase */ = {
			isa = PBXGroup;
			children = (
				B186208F295632BE00A6FDD9 /* CharacterTable.swift */,
				B18620912956332700A6FDD9 /* DataStore.swift */,
			);
			path = DataBase;
			sourceTree = "<group>";
		};
/* End PBXGroup section */

/* Begin PBXNativeTarget section */
		B186204D2956165800A6FDD9 /* sample-database-migration */ = {
			isa = PBXNativeTarget;
			buildConfigurationList = B18620722956165900A6FDD9 /* Build configuration list for PBXNativeTarget "sample-database-migration" */;
			buildPhases = (
				B186204A2956165800A6FDD9 /* Sources */,
				B186204B2956165800A6FDD9 /* Frameworks */,
				B186204C2956165800A6FDD9 /* Resources */,
			);
			buildRules = (
			);
			dependencies = (
			);
			name = "sample-database-migration";
			packageProductDependencies = (
				B186209429563AFD00A6FDD9 /* SQLite */,
			);
			productName = "sample-database-migration";
			productReference = B186204E2956165800A6FDD9 /* sample-database-migration.app */;
			productType = "com.apple.product-type.application";
		};
		B186205D2956165900A6FDD9 /* sample-database-migrationTests */ = {
			isa = PBXNativeTarget;
			buildConfigurationList = B18620752956165900A6FDD9 /* Build configuration list for PBXNativeTarget "sample-database-migrationTests" */;
			buildPhases = (
				B186205A2956165900A6FDD9 /* Sources */,
				B186205B2956165900A6FDD9 /* Frameworks */,
				B186205C2956165900A6FDD9 /* Resources */,
			);
			buildRules = (
			);
			dependencies = (
				B18620602956165900A6FDD9 /* PBXTargetDependency */,
			);
			name = "sample-database-migrationTests";
			productName = "sample-database-migrationTests";
			productReference = B186205E2956165900A6FDD9 /* sample-database-migrationTests.xctest */;
			productType = "com.apple.product-type.bundle.unit-test";
		};
		B18620672956165900A6FDD9 /* sample-database-migrationUITests */ = {
			isa = PBXNativeTarget;
			buildConfigurationList = B18620782956165900A6FDD9 /* Build configuration list for PBXNativeTarget "sample-database-migrationUITests" */;
			buildPhases = (
				B18620642956165900A6FDD9 /* Sources */,
				B18620652956165900A6FDD9 /* Frameworks */,
				B18620662956165900A6FDD9 /* Resources */,
			);
			buildRules = (
			);
			dependencies = (
				B186206A2956165900A6FDD9 /* PBXTargetDependency */,
			);
			name = "sample-database-migrationUITests";
			productName = "sample-database-migrationUITests";
			productReference = B18620682956165900A6FDD9 /* sample-database-migrationUITests.xctest */;
			productType = "com.apple.product-type.bundle.ui-testing";
		};
/* End PBXNativeTarget section */

/* Begin PBXProject section */
		B18620462956165800A6FDD9 /* Project object */ = {
			isa = PBXProject;
			attributes = {
				BuildIndependentTargetsInParallel = 1;
				LastSwiftUpdateCheck = 1410;
				LastUpgradeCheck = 1410;
				TargetAttributes = {
					B186204D2956165800A6FDD9 = {
						CreatedOnToolsVersion = 14.1;
					};
					B186205D2956165900A6FDD9 = {
						CreatedOnToolsVersion = 14.1;
						TestTargetID = B186204D2956165800A6FDD9;
					};
					B18620672956165900A6FDD9 = {
						CreatedOnToolsVersion = 14.1;
						TestTargetID = B186204D2956165800A6FDD9;
					};
				};
			};
			buildConfigurationList = B18620492956165800A6FDD9 /* Build configuration list for PBXProject "sample-database-migration" */;
			compatibilityVersion = "Xcode 14.0";
			developmentRegion = en;
			hasScannedForEncodings = 0;
			knownRegions = (
				en,
				Base,
			);
			mainGroup = B18620452956165800A6FDD9;
			packageReferences = (
				B186209329563AFD00A6FDD9 /* XCRemoteSwiftPackageReference "SQLite.swift" */,
			);
			productRefGroup = B186204F2956165800A6FDD9 /* Products */;
			projectDirPath = "";
			projectRoot = "";
			targets = (
				B186204D2956165800A6FDD9 /* sample-database-migration */,
				B186205D2956165900A6FDD9 /* sample-database-migrationTests */,
				B18620672956165900A6FDD9 /* sample-database-migrationUITests */,
			);
		};
/* End PBXProject section */

/* Begin PBXResourcesBuildPhase section */
		B186204C2956165800A6FDD9 /* Resources */ = {
			isa = PBXResourcesBuildPhase;
			buildActionMask = 2147483647;
			files = (
				B18620592956165900A6FDD9 /* Preview Assets.xcassets in Resources */,
				B18620562956165900A6FDD9 /* Assets.xcassets in Resources */,
			);
			runOnlyForDeploymentPostprocessing = 0;
		};
		B186205C2956165900A6FDD9 /* Resources */ = {
			isa = PBXResourcesBuildPhase;
			buildActionMask = 2147483647;
			files = (
			);
			runOnlyForDeploymentPostprocessing = 0;
		};
		B18620662956165900A6FDD9 /* Resources */ = {
			isa = PBXResourcesBuildPhase;
			buildActionMask = 2147483647;
			files = (
			);
			runOnlyForDeploymentPostprocessing = 0;
		};
/* End PBXResourcesBuildPhase section */

/* Begin PBXSourcesBuildPhase section */
		B186204A2956165800A6FDD9 /* Sources */ = {
			isa = PBXSourcesBuildPhase;
			buildActionMask = 2147483647;
			files = (
				B18620832956199F00A6FDD9 /* CharacterDTO.swift in Sources */,
				B186208B2956247C00A6FDD9 /* CharacterListView.swift in Sources */,
				B186207F295618E400A6FDD9 /* CharacterListService.swift in Sources */,
				B18620922956332700A6FDD9 /* DataStore.swift in Sources */,
				B18620542956165800A6FDD9 /* ContentView.swift in Sources */,
				B186208D295624A200A6FDD9 /* CharacterListViewModel.swift in Sources */,
				B18620522956165800A6FDD9 /* sample_database_migrationApp.swift in Sources */,
				B186207C2956185100A6FDD9 /* URLSession+Extension.swift in Sources */,
				B186208729561E7200A6FDD9 /* Constants.swift in Sources */,
				B1862090295632BE00A6FDD9 /* CharacterTable.swift in Sources */,
			);
			runOnlyForDeploymentPostprocessing = 0;
		};
		B186205A2956165900A6FDD9 /* Sources */ = {
			isa = PBXSourcesBuildPhase;
			buildActionMask = 2147483647;
			files = (
				B18620632956165900A6FDD9 /* sample_database_migrationTests.swift in Sources */,
			);
			runOnlyForDeploymentPostprocessing = 0;
		};
		B18620642956165900A6FDD9 /* Sources */ = {
			isa = PBXSourcesBuildPhase;
			buildActionMask = 2147483647;
			files = (
				B186206F2956165900A6FDD9 /* sample_database_migrationUITestsLaunchTests.swift in Sources */,
				B186206D2956165900A6FDD9 /* sample_database_migrationUITests.swift in Sources */,
			);
			runOnlyForDeploymentPostprocessing = 0;
		};
/* End PBXSourcesBuildPhase section */

/* Begin PBXTargetDependency section */
		B18620602956165900A6FDD9 /* PBXTargetDependency */ = {
			isa = PBXTargetDependency;
			target = B186204D2956165800A6FDD9 /* sample-database-migration */;
			targetProxy = B186205F2956165900A6FDD9 /* PBXContainerItemProxy */;
		};
		B186206A2956165900A6FDD9 /* PBXTargetDependency */ = {
			isa = PBXTargetDependency;
			target = B186204D2956165800A6FDD9 /* sample-database-migration */;
			targetProxy = B18620692956165900A6FDD9 /* PBXContainerItemProxy */;
		};
/* End PBXTargetDependency section */

/* Begin XCBuildConfiguration section */
		B18620702956165900A6FDD9 /* Debug */ = {
			isa = XCBuildConfiguration;
			buildSettings = {
				ALWAYS_SEARCH_USER_PATHS = NO;
				CLANG_ANALYZER_NONNULL = YES;
				CLANG_ANALYZER_NUMBER_OBJECT_CONVERSION = YES_AGGRESSIVE;
				CLANG_CXX_LANGUAGE_STANDARD = "gnu++20";
				CLANG_ENABLE_MODULES = YES;
				CLANG_ENABLE_OBJC_ARC = YES;
				CLANG_ENABLE_OBJC_WEAK = YES;
				CLANG_WARN_BLOCK_CAPTURE_AUTORELEASING = YES;
				CLANG_WARN_BOOL_CONVERSION = YES;
				CLANG_WARN_COMMA = YES;
				CLANG_WARN_CONSTANT_CONVERSION = YES;
				CLANG_WARN_DEPRECATED_OBJC_IMPLEMENTATIONS = YES;
				CLANG_WARN_DIRECT_OBJC_ISA_USAGE = YES_ERROR;
				CLANG_WARN_DOCUMENTATION_COMMENTS = YES;
				CLANG_WARN_EMPTY_BODY = YES;
				CLANG_WARN_ENUM_CONVERSION = YES;
				CLANG_WARN_INFINITE_RECURSION = YES;
				CLANG_WARN_INT_CONVERSION = YES;
				CLANG_WARN_NON_LITERAL_NULL_CONVERSION = YES;
				CLANG_WARN_OBJC_IMPLICIT_RETAIN_SELF = YES;
				CLANG_WARN_OBJC_LITERAL_CONVERSION = YES;
				CLANG_WARN_OBJC_ROOT_CLASS = YES_ERROR;
				CLANG_WARN_QUOTED_INCLUDE_IN_FRAMEWORK_HEADER = YES;
				CLANG_WARN_RANGE_LOOP_ANALYSIS = YES;
				CLANG_WARN_STRICT_PROTOTYPES = YES;
				CLANG_WARN_SUSPICIOUS_MOVE = YES;
				CLANG_WARN_UNGUARDED_AVAILABILITY = YES_AGGRESSIVE;
				CLANG_WARN_UNREACHABLE_CODE = YES;
				CLANG_WARN__DUPLICATE_METHOD_MATCH = YES;
				COPY_PHASE_STRIP = NO;
				DEBUG_INFORMATION_FORMAT = dwarf;
				ENABLE_STRICT_OBJC_MSGSEND = YES;
				ENABLE_TESTABILITY = YES;
				GCC_C_LANGUAGE_STANDARD = gnu11;
				GCC_DYNAMIC_NO_PIC = NO;
				GCC_NO_COMMON_BLOCKS = YES;
				GCC_OPTIMIZATION_LEVEL = 0;
				GCC_PREPROCESSOR_DEFINITIONS = (
					"DEBUG=1",
					"$(inherited)",
				);
				GCC_WARN_64_TO_32_BIT_CONVERSION = YES;
				GCC_WARN_ABOUT_RETURN_TYPE = YES_ERROR;
				GCC_WARN_UNDECLARED_SELECTOR = YES;
				GCC_WARN_UNINITIALIZED_AUTOS = YES_AGGRESSIVE;
				GCC_WARN_UNUSED_FUNCTION = YES;
				GCC_WARN_UNUSED_VARIABLE = YES;
				IPHONEOS_DEPLOYMENT_TARGET = 16.1;
				MTL_ENABLE_DEBUG_INFO = INCLUDE_SOURCE;
				MTL_FAST_MATH = YES;
				ONLY_ACTIVE_ARCH = YES;
				SDKROOT = iphoneos;
				SWIFT_ACTIVE_COMPILATION_CONDITIONS = DEBUG;
				SWIFT_OPTIMIZATION_LEVEL = "-Onone";
			};
			name = Debug;
		};
		B18620712956165900A6FDD9 /* Release */ = {
			isa = XCBuildConfiguration;
			buildSettings = {
				ALWAYS_SEARCH_USER_PATHS = NO;
				CLANG_ANALYZER_NONNULL = YES;
				CLANG_ANALYZER_NUMBER_OBJECT_CONVERSION = YES_AGGRESSIVE;
				CLANG_CXX_LANGUAGE_STANDARD = "gnu++20";
				CLANG_ENABLE_MODULES = YES;
				CLANG_ENABLE_OBJC_ARC = YES;
				CLANG_ENABLE_OBJC_WEAK = YES;
				CLANG_WARN_BLOCK_CAPTURE_AUTORELEASING = YES;
				CLANG_WARN_BOOL_CONVERSION = YES;
				CLANG_WARN_COMMA = YES;
				CLANG_WARN_CONSTANT_CONVERSION = YES;
				CLANG_WARN_DEPRECATED_OBJC_IMPLEMENTATIONS = YES;
				CLANG_WARN_DIRECT_OBJC_ISA_USAGE = YES_ERROR;
				CLANG_WARN_DOCUMENTATION_COMMENTS = YES;
				CLANG_WARN_EMPTY_BODY = YES;
				CLANG_WARN_ENUM_CONVERSION = YES;
				CLANG_WARN_INFINITE_RECURSION = YES;
				CLANG_WARN_INT_CONVERSION = YES;
				CLANG_WARN_NON_LITERAL_NULL_CONVERSION = YES;
				CLANG_WARN_OBJC_IMPLICIT_RETAIN_SELF = YES;
				CLANG_WARN_OBJC_LITERAL_CONVERSION = YES;
				CLANG_WARN_OBJC_ROOT_CLASS = YES_ERROR;
				CLANG_WARN_QUOTED_INCLUDE_IN_FRAMEWORK_HEADER = YES;
				CLANG_WARN_RANGE_LOOP_ANALYSIS = YES;
				CLANG_WARN_STRICT_PROTOTYPES = YES;
				CLANG_WARN_SUSPICIOUS_MOVE = YES;
				CLANG_WARN_UNGUARDED_AVAILABILITY = YES_AGGRESSIVE;
				CLANG_WARN_UNREACHABLE_CODE = YES;
				CLANG_WARN__DUPLICATE_METHOD_MATCH = YES;
				COPY_PHASE_STRIP = NO;
				DEBUG_INFORMATION_FORMAT = "dwarf-with-dsym";
				ENABLE_NS_ASSERTIONS = NO;
				ENABLE_STRICT_OBJC_MSGSEND = YES;
				GCC_C_LANGUAGE_STANDARD = gnu11;
				GCC_NO_COMMON_BLOCKS = YES;
				GCC_WARN_64_TO_32_BIT_CONVERSION = YES;
				GCC_WARN_ABOUT_RETURN_TYPE = YES_ERROR;
				GCC_WARN_UNDECLARED_SELECTOR = YES;
				GCC_WARN_UNINITIALIZED_AUTOS = YES_AGGRESSIVE;
				GCC_WARN_UNUSED_FUNCTION = YES;
				GCC_WARN_UNUSED_VARIABLE = YES;
				IPHONEOS_DEPLOYMENT_TARGET = 16.1;
				MTL_ENABLE_DEBUG_INFO = NO;
				MTL_FAST_MATH = YES;
				SDKROOT = iphoneos;
				SWIFT_COMPILATION_MODE = wholemodule;
				SWIFT_OPTIMIZATION_LEVEL = "-O";
				VALIDATE_PRODUCT = YES;
			};
			name = Release;
		};
		B18620732956165900A6FDD9 /* Debug */ = {
			isa = XCBuildConfiguration;
			buildSettings = {
				ASSETCATALOG_COMPILER_APPICON_NAME = AppIcon;
				ASSETCATALOG_COMPILER_GLOBAL_ACCENT_COLOR_NAME = AccentColor;
				CODE_SIGN_STYLE = Automatic;
				CURRENT_PROJECT_VERSION = 1;
				DEVELOPMENT_ASSET_PATHS = "\"sample-database-migration/Preview Content\"";
				DEVELOPMENT_TEAM = H2SLZBGHFZ;
				ENABLE_PREVIEWS = YES;
				GENERATE_INFOPLIST_FILE = YES;
				INFOPLIST_KEY_UIApplicationSceneManifest_Generation = YES;
				INFOPLIST_KEY_UIApplicationSupportsIndirectInputEvents = YES;
				INFOPLIST_KEY_UILaunchScreen_Generation = YES;
				INFOPLIST_KEY_UISupportedInterfaceOrientations_iPad = "UIInterfaceOrientationPortrait UIInterfaceOrientationPortraitUpsideDown UIInterfaceOrientationLandscapeLeft UIInterfaceOrientationLandscapeRight";
				INFOPLIST_KEY_UISupportedInterfaceOrientations_iPhone = "UIInterfaceOrientationPortrait UIInterfaceOrientationLandscapeLeft UIInterfaceOrientationLandscapeRight";
				LD_RUNPATH_SEARCH_PATHS = (
					"$(inherited)",
					"@executable_path/Frameworks",
				);
				MARKETING_VERSION = 1.0;
				PRODUCT_BUNDLE_IDENTIFIER = "ruben-ravn.sample-database-migration";
				PRODUCT_NAME = "$(TARGET_NAME)";
				SWIFT_EMIT_LOC_STRINGS = YES;
				SWIFT_VERSION = 5.0;
				TARGETED_DEVICE_FAMILY = "1,2";
			};
			name = Debug;
		};
		B18620742956165900A6FDD9 /* Release */ = {
			isa = XCBuildConfiguration;
			buildSettings = {
				ASSETCATALOG_COMPILER_APPICON_NAME = AppIcon;
				ASSETCATALOG_COMPILER_GLOBAL_ACCENT_COLOR_NAME = AccentColor;
				CODE_SIGN_STYLE = Automatic;
				CURRENT_PROJECT_VERSION = 1;
				DEVELOPMENT_ASSET_PATHS = "\"sample-database-migration/Preview Content\"";
				DEVELOPMENT_TEAM = H2SLZBGHFZ;
				ENABLE_PREVIEWS = YES;
				GENERATE_INFOPLIST_FILE = YES;
				INFOPLIST_KEY_UIApplicationSceneManifest_Generation = YES;
				INFOPLIST_KEY_UIApplicationSupportsIndirectInputEvents = YES;
				INFOPLIST_KEY_UILaunchScreen_Generation = YES;
				INFOPLIST_KEY_UISupportedInterfaceOrientations_iPad = "UIInterfaceOrientationPortrait UIInterfaceOrientationPortraitUpsideDown UIInterfaceOrientationLandscapeLeft UIInterfaceOrientationLandscapeRight";
				INFOPLIST_KEY_UISupportedInterfaceOrientations_iPhone = "UIInterfaceOrientationPortrait UIInterfaceOrientationLandscapeLeft UIInterfaceOrientationLandscapeRight";
				LD_RUNPATH_SEARCH_PATHS = (
					"$(inherited)",
					"@executable_path/Frameworks",
				);
				MARKETING_VERSION = 1.0;
				PRODUCT_BUNDLE_IDENTIFIER = "ruben-ravn.sample-database-migration";
				PRODUCT_NAME = "$(TARGET_NAME)";
				SWIFT_EMIT_LOC_STRINGS = YES;
				SWIFT_VERSION = 5.0;
				TARGETED_DEVICE_FAMILY = "1,2";
			};
			name = Release;
		};
		B18620762956165900A6FDD9 /* Debug */ = {
			isa = XCBuildConfiguration;
			buildSettings = {
				ALWAYS_EMBED_SWIFT_STANDARD_LIBRARIES = YES;
				BUNDLE_LOADER = "$(TEST_HOST)";
				CODE_SIGN_STYLE = Automatic;
				CURRENT_PROJECT_VERSION = 1;
				DEVELOPMENT_TEAM = H2SLZBGHFZ;
				GENERATE_INFOPLIST_FILE = YES;
				IPHONEOS_DEPLOYMENT_TARGET = 16.1;
				MARKETING_VERSION = 1.0;
				PRODUCT_BUNDLE_IDENTIFIER = "ruben-ravn.sample-database-migrationTests";
				PRODUCT_NAME = "$(TARGET_NAME)";
				SWIFT_EMIT_LOC_STRINGS = NO;
				SWIFT_VERSION = 5.0;
				TARGETED_DEVICE_FAMILY = "1,2";
				TEST_HOST = "$(BUILT_PRODUCTS_DIR)/sample-database-migration.app/$(BUNDLE_EXECUTABLE_FOLDER_PATH)/sample-database-migration";
			};
			name = Debug;
		};
		B18620772956165900A6FDD9 /* Release */ = {
			isa = XCBuildConfiguration;
			buildSettings = {
				ALWAYS_EMBED_SWIFT_STANDARD_LIBRARIES = YES;
				BUNDLE_LOADER = "$(TEST_HOST)";
				CODE_SIGN_STYLE = Automatic;
				CURRENT_PROJECT_VERSION = 1;
				DEVELOPMENT_TEAM = H2SLZBGHFZ;
				GENERATE_INFOPLIST_FILE = YES;
				IPHONEOS_DEPLOYMENT_TARGET = 16.1;
				MARKETING_VERSION = 1.0;
				PRODUCT_BUNDLE_IDENTIFIER = "ruben-ravn.sample-database-migrationTests";
				PRODUCT_NAME = "$(TARGET_NAME)";
				SWIFT_EMIT_LOC_STRINGS = NO;
				SWIFT_VERSION = 5.0;
				TARGETED_DEVICE_FAMILY = "1,2";
				TEST_HOST = "$(BUILT_PRODUCTS_DIR)/sample-database-migration.app/$(BUNDLE_EXECUTABLE_FOLDER_PATH)/sample-database-migration";
			};
			name = Release;
		};
		B18620792956165900A6FDD9 /* Debug */ = {
			isa = XCBuildConfiguration;
			buildSettings = {
				ALWAYS_EMBED_SWIFT_STANDARD_LIBRARIES = YES;
				CODE_SIGN_STYLE = Automatic;
				CURRENT_PROJECT_VERSION = 1;
				DEVELOPMENT_TEAM = H2SLZBGHFZ;
				GENERATE_INFOPLIST_FILE = YES;
				MARKETING_VERSION = 1.0;
				PRODUCT_BUNDLE_IDENTIFIER = "ruben-ravn.sample-database-migrationUITests";
				PRODUCT_NAME = "$(TARGET_NAME)";
				SWIFT_EMIT_LOC_STRINGS = NO;
				SWIFT_VERSION = 5.0;
				TARGETED_DEVICE_FAMILY = "1,2";
				TEST_TARGET_NAME = "sample-database-migration";
			};
			name = Debug;
		};
		B186207A2956165900A6FDD9 /* Release */ = {
			isa = XCBuildConfiguration;
			buildSettings = {
				ALWAYS_EMBED_SWIFT_STANDARD_LIBRARIES = YES;
				CODE_SIGN_STYLE = Automatic;
				CURRENT_PROJECT_VERSION = 1;
				DEVELOPMENT_TEAM = H2SLZBGHFZ;
				GENERATE_INFOPLIST_FILE = YES;
				MARKETING_VERSION = 1.0;
				PRODUCT_BUNDLE_IDENTIFIER = "ruben-ravn.sample-database-migrationUITests";
				PRODUCT_NAME = "$(TARGET_NAME)";
				SWIFT_EMIT_LOC_STRINGS = NO;
				SWIFT_VERSION = 5.0;
				TARGETED_DEVICE_FAMILY = "1,2";
				TEST_TARGET_NAME = "sample-database-migration";
			};
			name = Release;
		};
/* End XCBuildConfiguration section */

/* Begin XCConfigurationList section */
		B18620492956165800A6FDD9 /* Build configuration list for PBXProject "sample-database-migration" */ = {
			isa = XCConfigurationList;
			buildConfigurations = (
				B18620702956165900A6FDD9 /* Debug */,
				B18620712956165900A6FDD9 /* Release */,
			);
			defaultConfigurationIsVisible = 0;
			defaultConfigurationName = Release;
		};
		B18620722956165900A6FDD9 /* Build configuration list for PBXNativeTarget "sample-database-migration" */ = {
			isa = XCConfigurationList;
			buildConfigurations = (
				B18620732956165900A6FDD9 /* Debug */,
				B18620742956165900A6FDD9 /* Release */,
			);
			defaultConfigurationIsVisible = 0;
			defaultConfigurationName = Release;
		};
		B18620752956165900A6FDD9 /* Build configuration list for PBXNativeTarget "sample-database-migrationTests" */ = {
			isa = XCConfigurationList;
			buildConfigurations = (
				B18620762956165900A6FDD9 /* Debug */,
				B18620772956165900A6FDD9 /* Release */,
			);
			defaultConfigurationIsVisible = 0;
			defaultConfigurationName = Release;
		};
		B18620782956165900A6FDD9 /* Build configuration list for PBXNativeTarget "sample-database-migrationUITests" */ = {
			isa = XCConfigurationList;
			buildConfigurations = (
				B18620792956165900A6FDD9 /* Debug */,
				B186207A2956165900A6FDD9 /* Release */,
			);
			defaultConfigurationIsVisible = 0;
			defaultConfigurationName = Release;
		};
/* End XCConfigurationList section */

/* Begin XCRemoteSwiftPackageReference section */
		B186209329563AFD00A6FDD9 /* XCRemoteSwiftPackageReference "SQLite.swift" */ = {
			isa = XCRemoteSwiftPackageReference;
			repositoryURL = "git@github.com:GreenJell0/SQLite.swift.git";
			requirement = {
				kind = upToNextMajorVersion;
				minimumVersion = 0.9.2;
			};
		};
/* End XCRemoteSwiftPackageReference section */

/* Begin XCSwiftPackageProductDependency section */
		B186209429563AFD00A6FDD9 /* SQLite */ = {
			isa = XCSwiftPackageProductDependency;
			package = B186209329563AFD00A6FDD9 /* XCRemoteSwiftPackageReference "SQLite.swift" */;
			productName = SQLite;
		};
/* End XCSwiftPackageProductDependency section */
	};
	rootObject = B18620462956165800A6FDD9 /* Project object */;
}
